github.com/klauspost/compress v1.17.11 h1:In6xLpyWOi1+C7tXUUWv2ot1QvBjxevKAaI6IXrJmUc=
github.com/klauspost/compress v1.17.11/go.mod h1:pMDklpSncoRMuLFrf1W9Ss9KT+0rH90U12bZKk7uwG0=
github.com/webmafia/identifier v0.2.0 h1:0lI2CYM6rNE63R7wGYlghf83r9Qk0ACwAaDKs5v8x8E=
github.com/webmafia/identifier v0.2.0/go.mod h1:WjuG3dg3q2AEFmAmiJR7qyAXjqbNnyuVc5aO7uBjFsg=
